// !$*UTF8*$!
{
	archiveVersion = 1;
	classes = {
	};
	objectVersion = 46;
	objects = {

/* Begin PBXBuildFile section */
		F27DAADB1B80EBFB00FB816C /* AppDelegate.swift in Sources */ = {isa = PBXBuildFile; fileRef = F27DAADA1B80EBFB00FB816C /* AppDelegate.swift */; };
		F27DAADD1B80EBFB00FB816C /* ViewController.swift in Sources */ = {isa = PBXBuildFile; fileRef = F27DAADC1B80EBFB00FB816C /* ViewController.swift */; };
		F27DAAE01B80EBFB00FB816C /* Main.storyboard in Resources */ = {isa = PBXBuildFile; fileRef = F27DAADE1B80EBFB00FB816C /* Main.storyboard */; };
		F27DAAE21B80EBFB00FB816C /* Assets.xcassets in Resources */ = {isa = PBXBuildFile; fileRef = F27DAAE11B80EBFB00FB816C /* Assets.xcassets */; };
		F27DAAE51B80EBFB00FB816C /* LaunchScreen.storyboard in Resources */ = {isa = PBXBuildFile; fileRef = F27DAAE31B80EBFB00FB816C /* LaunchScreen.storyboard */; };
		F27DAAED1B80EC1200FB816C /* Person.swift in Sources */ = {isa = PBXBuildFile; fileRef = F27DAAEC1B80EC1200FB816C /* Person.swift */; };
/* End PBXBuildFile section */

/* Begin PBXFileReference section */
		F27DAAD71B80EBFB00FB816C /* EncodeExperiments.app */ = {isa = PBXFileReference; explicitFileType = wrapper.application; includeInIndex = 0; path = EncodeExperiments.app; sourceTree = BUILT_PRODUCTS_DIR; };
		F27DAADA1B80EBFB00FB816C /* AppDelegate.swift */ = {isa = PBXFileReference; lastKnownFileType = sourcecode.swift; path = AppDelegate.swift; sourceTree = "<group>"; };
		F27DAADC1B80EBFB00FB816C /* ViewController.swift */ = {isa = PBXFileReference; lastKnownFileType = sourcecode.swift; path = ViewController.swift; sourceTree = "<group>"; };
		F27DAADF1B80EBFB00FB816C /* Base */ = {isa = PBXFileReference; lastKnownFileType = file.storyboard; name = Base; path = Base.lproj/Main.storyboard; sourceTree = "<group>"; };
		F27DAAE11B80EBFB00FB816C /* Assets.xcassets */ = {isa = PBXFileReference; lastKnownFileType = folder.assetcatalog; path = Assets.xcassets; sourceTree = "<group>"; };
		F27DAAE41B80EBFB00FB816C /* Base */ = {isa = PBXFileReference; lastKnownFileType = file.storyboard; name = Base; path = Base.lproj/LaunchScreen.storyboard; sourceTree = "<group>"; };
		F27DAAE61B80EBFB00FB816C /* Info.plist */ = {isa = PBXFileReference; lastKnownFileType = text.plist.xml; path = Info.plist; sourceTree = "<group>"; };
		F27DAAEC1B80EC1200FB816C /* Person.swift */ = {isa = PBXFileReference; fileEncoding = 4; lastKnownFileType = sourcecode.swift; path = Person.swift; sourceTree = "<group>"; };
/* End PBXFileReference section */

/* Begin PBXFrameworksBuildPhase section */
		F27DAAD41B80EBFB00FB816C /* Frameworks */ = {
			isa = PBXFrameworksBuildPhase;
			buildActionMask = 2147483647;
			files = (
			);
			runOnlyForDeploymentPostprocessing = 0;
		};
/* End PBXFrameworksBuildPhase section */

/* Begin PBXGroup section */
		F27DAACE1B80EBFB00FB816C = {
			isa = PBXGroup;
			children = (
				F27DAAD91B80EBFB00FB816C /* EncodeExperiments */,
				F27DAAD81B80EBFB00FB816C /* Products */,
			);
			sourceTree = "<group>";
		};
		F27DAAD81B80EBFB00FB816C /* Products */ = {
			isa = PBXGroup;
			children = (
				F27DAAD71B80EBFB00FB816C /* EncodeExperiments.app */,
			);
			name = Products;
			sourceTree = "<group>";
		};
		F27DAAD91B80EBFB00FB816C /* EncodeExperiments */ = {
			isa = PBXGroup;
			children = (
				F27DAADA1B80EBFB00FB816C /* AppDelegate.swift */,
				F27DAADC1B80EBFB00FB816C /* ViewController.swift */,
				F27DAAEC1B80EC1200FB816C /* Person.swift */,
				F27DAADE1B80EBFB00FB816C /* Main.storyboard */,
				F27DAAE11B80EBFB00FB816C /* Assets.xcassets */,
				F27DAAE31B80EBFB00FB816C /* LaunchScreen.storyboard */,
				F27DAAE61B80EBFB00FB816C /* Info.plist */,
			);
			path = EncodeExperiments;
			sourceTree = "<group>";
		};
/* End PBXGroup section */

/* Begin PBXNativeTarget section */
		F27DAAD61B80EBFB00FB816C /* EncodeExperiments */ = {
			isa = PBXNativeTarget;
			buildConfigurationList = F27DAAE91B80EBFB00FB816C /* Build configuration list for PBXNativeTarget "EncodeExperiments" */;
			buildPhases = (
				F27DAAD31B80EBFB00FB816C /* Sources */,
				F27DAAD41B80EBFB00FB816C /* Frameworks */,
				F27DAAD51B80EBFB00FB816C /* Resources */,
			);
			buildRules = (
			);
			dependencies = (
			);
			name = EncodeExperiments;
			productName = EncodeExperiments;
			productReference = F27DAAD71B80EBFB00FB816C /* EncodeExperiments.app */;
			productType = "com.apple.product-type.application";
		};
/* End PBXNativeTarget section */

/* Begin PBXProject section */
		F27DAACF1B80EBFB00FB816C /* Project object */ = {
			isa = PBXProject;
			attributes = {
				LastUpgradeCheck = 0700;
				ORGANIZATIONNAME = "Dominik Hauser";
				TargetAttributes = {
					F27DAAD61B80EBFB00FB816C = {
						CreatedOnToolsVersion = 7.0;
					};
				};
			};
			buildConfigurationList = F27DAAD21B80EBFB00FB816C /* Build configuration list for PBXProject "EncodeExperiments" */;
			compatibilityVersion = "Xcode 3.2";
			developmentRegion = English;
			hasScannedForEncodings = 0;
			knownRegions = (
				en,
				Base,
			);
			mainGroup = F27DAACE1B80EBFB00FB816C;
			productRefGroup = F27DAAD81B80EBFB00FB816C /* Products */;
			projectDirPath = "";
			projectRoot = "";
			targets = (
				F27DAAD61B80EBFB00FB816C /* EncodeExperiments */,
			);
		};
/* End PBXProject section */

/* Begin PBXResourcesBuildPhase section */
		F27DAAD51B80EBFB00FB816C /* Resources */ = {
			isa = PBXResourcesBuildPhase;
			buildActionMask = 2147483647;
			files = (
				F27DAAE51B80EBFB00FB816C /* LaunchScreen.storyboard in Resources */,
				F27DAAE21B80EBFB00FB816C /* Assets.xcassets in Resources */,
				F27DAAE01B80EBFB00FB816C /* Main.storyboard in Resources */,
			);
			runOnlyForDeploymentPostprocessing = 0;
		};
/* End PBXResourcesBuildPhase section */

/* Begin PBXSourcesBuildPhase section */
		F27DAAD31B80EBFB00FB816C /* Sources */ = {
			isa = PBXSourcesBuildPhase;
			buildActionMask = 2147483647;
			files = (
				F27DAAED1B80EC1200FB816C /* Person.swift in Sources */,
				F27DAADD1B80EBFB00FB816C /* ViewController.swift in Sources */,
				F27DAADB1B80EBFB00FB816C /* AppDelegate.swift in Sources */,
			);
			runOnlyForDeploymentPostprocessing = 0;
		};
/* End PBXSourcesBuildPhase section */

/* Begin PBXVariantGroup section */
		F27DAADE1B80EBFB00FB816C /* Main.storyboard */ = {
			isa = PBXVariantGroup;
			children = (
				F27DAADF1B80EBFB00FB816C /* Base */,
			);
			name = Main.storyboard;
			sourceTree = "<group>";
		};
		F27DAAE31B80EBFB00FB816C /* LaunchScreen.storyboard */ = {
			isa = PBXVariantGroup;
			children = (
				F27DAAE41B80EBFB00FB816C /* Base */,
			);
			name = LaunchScreen.storyboard;
			sourceTree = "<group>";
		};
/* End PBXVariantGroup section */

/* Begin XCBuildConfiguration section */
		F27DAAE71B80EBFB00FB816C /* Debug */ = {
			isa = XCBuildConfiguration;
			buildSettings = {
				ALWAYS_SEARCH_USER_PATHS = NO;
				CLANG_CXX_LANGUAGE_STANDARD = "gnu++0x";
				CLANG_CXX_LIBRARY = "libc++";
				CLANG_ENABLE_MODULES = YES;
				CLANG_ENABLE_OBJC_ARC = YES;
				CLANG_WARN_BOOL_CONVERSION = YES;
				CLANG_WARN_CONSTANT_CONVERSION = YES;
				CLANG_WARN_DIRECT_OBJC_ISA_USAGE = YES_ERROR;
				CLANG_WARN_EMPTY_BODY = YES;
				CLANG_WARN_ENUM_CONVERSION = YES;
				CLANG_WARN_INT_CONVERSION = YES;
				CLANG_WARN_OBJC_ROOT_CLASS = YES_ERROR;
				CLANG_WARN_UNREACHABLE_CODE = YES;
				CLANG_WARN__DUPLICATE_METHOD_MATCH = YES;
				"CODE_SIGN_IDENTITY[sdk=iphoneos*]" = "iPhone Developer";
				COPY_PHASE_STRIP = NO;
				DEBUG_INFORMATION_FORMAT = dwarf;
				ENABLE_STRICT_OBJC_MSGSEND = YES;
				ENABLE_TESTABILITY = YES;
				GCC_C_LANGUAGE_STANDARD = gnu99;
				GCC_DYNAMIC_NO_PIC = NO;
				GCC_NO_COMMON_BLOCKS = YES;
				GCC_OPTIMIZATION_LEVEL = 0;
				GCC_PREPROCESSOR_DEFINITIONS = (
					"DEBUG=1",
					"$(inherited)",
				);
				GCC_WARN_64_TO_32_BIT_CONVERSION = YES;
				GCC_WARN_ABOUT_RETURN_TYPE = YES_ERROR;
				GCC_WARN_UNDECLARED_SELECTOR = YES;
				GCC_WARN_UNINITIALIZED_AUTOS = YES_AGGRESSIVE;
				GCC_WARN_UNUSED_FUNCTION = YES;
				GCC_WARN_UNUSED_VARIABLE = YES;
				IPHONEOS_DEPLOYMENT_TARGET = 9.0;
				MTL_ENABLE_DEBUG_INFO = YES;
				ONLY_ACTIVE_ARCH = YES;
				SDKROOT = iphoneos;
				SWIFT_OPTIMIZATION_LEVEL = "-Onone";
			};
			name = Debug;
		};
		F27DAAE81B80EBFB00FB816C /* Release */ = {
			isa = XCBuildConfiguration;
			buildSettings = {
				ALWAYS_SEARCH_USER_PATHS = NO;
				CLANG_CXX_LANGUAGE_STANDARD = "gnu++0x";
				CLANG_CXX_LIBRARY = "libc++";
				CLANG_ENABLE_MODULES = YES;
				CLANG_ENABLE_OBJC_ARC = YES;
				CLANG_WARN_BOOL_CONVERSION = YES;
				CLANG_WARN_CONSTANT_CONVERSION = YES;
				CLANG_WARN_DIRECT_OBJC_ISA_USAGE = YES_ERROR;
				CLANG_WARN_EMPTY_BODY = YES;
				CLANG_WARN_ENUM_CONVERSION = YES;
				CLANG_WARN_INT_CONVERSION = YES;
				CLANG_WARN_OBJC_ROOT_CLASS = YES_ERROR;
				CLANG_WARN_UNREACHABLE_CODE = YES;
				CLANG_WARN__DUPLICATE_METHOD_MATCH = YES;
				"CODE_SIGN_IDENTITY[sdk=iphoneos*]" = "iPhone Developer";
				COPY_PHASE_STRIP = NO;
				DEBUG_INFORMATION_FORMAT = "dwarf-with-dsym";
				ENABLE_NS_ASSERTIONS = NO;
				ENABLE_STRICT_OBJC_MSGSEND = YES;
				GCC_C_LANGUAGE_STANDARD = gnu99;
				GCC_NO_COMMON_BLOCKS = YES;
				GCC_WARN_64_TO_32_BIT_CONVERSION = YES;
				GCC_WARN_ABOUT_RETURN_TYPE = YES_ERROR;
				GCC_WARN_UNDECLARED_SELECTOR = YES;
				GCC_WARN_UNINITIALIZED_AUTOS = YES_AGGRESSIVE;
				GCC_WARN_UNUSED_FUNCTION = YES;
				GCC_WARN_UNUSED_VARIABLE = YES;
				IPHONEOS_DEPLOYMENT_TARGET = 9.0;
				MTL_ENABLE_DEBUG_INFO = NO;
				SDKROOT = iphoneos;
				VALIDATE_PRODUCT = YES;
			};
			name = Release;
		};
		F27DAAEA1B80EBFB00FB816C /* Debug */ = {
			isa = XCBuildConfiguration;
			buildSettings = {
				ASSETCATALOG_COMPILER_APPICON_NAME = AppIcon;
				INFOPLIST_FILE = EncodeExperiments/Info.plist;
				LD_RUNPATH_SEARCH_PATHS = "$(inherited) @executable_path/Frameworks";
				PRODUCT_BUNDLE_IDENTIFIER = de.dasdom.EncodeExperiments;
				PRODUCT_NAME = "$(TARGET_NAME)";
			};
			name = Debug;
		};
		F27DAAEB1B80EBFB00FB816C /* Release */ = {
			isa = XCBuildConfiguration;
			buildSettings = {
				ASSETCATALOG_COMPILER_APPICON_NAME = AppIcon;
				INFOPLIST_FILE = EncodeExperiments/Info.plist;
				LD_RUNPATH_SEARCH_PATHS = "$(inherited) @executable_path/Frameworks";
				PRODUCT_BUNDLE_IDENTIFIER = de.dasdom.EncodeExperiments;
				PRODUCT_NAME = "$(TARGET_NAME)";
			};
			name = Release;
		};
/* End XCBuildConfiguration section */

/* Begin XCConfigurationList section */
		F27DAAD21B80EBFB00FB816C /* Build configuration list for PBXProject "EncodeExperiments" */ = {
			isa = XCConfigurationList;
			buildConfigurations = (
				F27DAAE71B80EBFB00FB816C /* Debug */,
				F27DAAE81B80EBFB00FB816C /* Release */,
			);
			defaultConfigurationIsVisible = 0;
			defaultConfigurationName = Release;
		};
		F27DAAE91B80EBFB00FB816C /* Build configuration list for PBXNativeTarget "EncodeExperiments" */ = {
			isa = XCConfigurationList;
			buildConfigurations = (
				F27DAAEA1B80EBFB00FB816C /* Debug */,
				F27DAAEB1B80EBFB00FB816C /* Release */,
			);
			defaultConfigurationIsVisible = 0;
		};
/* End XCConfigurationList section */
	};
	rootObject = F27DAACF1B80EBFB00FB816C /* Project object */;
}
